schema: '2.0'
stages:
  download_coco:
    cmd: python scripts/dataset/01_download_coco_subset.py
    deps:
    - path: scripts/dataset/01_download_coco_subset.py
      hash: md5
      md5: f2a3c8a09c8a9fc0b7e9f4a58cbb37e9
      size: 2640
    - path: src/dataset/downloaders/base.py
      hash: md5
      md5: 8cd705e3c0bb03db9a6e204b0fcfb182
      size: 8636
    - path: src/dataset/downloaders/coco.py
      hash: md5
      md5: f644f53dc3aee19d9226f855a44ca1d8
      size: 7369
    params:
      configs/dataset_sources.yaml:
        mode: smoke
        smoke:
          limit_per_source: 60
        sources.coco:
          enabled: true
          output_dir: data/raw/coco_filtered
          license: CC BY 4.0 (annotations); images retain original Flickr 
            licenses
          annotations_url: 
            http://images.cocodataset.org/annotations/annotations_trainval2017.zip
          image_url_template: http://images.cocodataset.org/{split}/{file_name}
          smoke_split: val2017
          full_split: train2017
          remap_table: coco
          indoor_filter: true
          trusted_classes:
          - person
          - water_bottle
          - knife
          - laptop
          - monitor
          - chair
          - bed
          - toilet
          - sink
          - book
          class_caps:
            person: 800
            chair: 500
    outs:
    - path: data/raw/coco_filtered
      hash: md5
      md5: 0b563c9414507028dfd9873f5d59f9fd.dir
      size: 9172660
      nfiles: 122
  download_openimages:
    cmd: python scripts/dataset/02_download_openimages_subset.py
    deps:
    - path: scripts/dataset/02_download_openimages_subset.py
      hash: md5
      md5: c8099e53708bad7bdb3d3c6cdb24a34f
      size: 1060
    - path: src/dataset/downloaders/base.py
      hash: md5
      md5: 8cd705e3c0bb03db9a6e204b0fcfb182
      size: 8636
    - path: src/dataset/downloaders/openimages.py
      hash: md5
      md5: 83e10fcf3cf0bd1316c996b5842c4c27
      size: 5818
    params:
      configs/dataset_sources.yaml:
        mode: smoke
        smoke:
          limit_per_source: 60
        sources.openimages:
          enabled: true
          output_dir: data/raw/openimages_filtered
          license: Annotations CC BY 4.0; images CC BY 2.0 (per Open Images 
            terms)
          class_descriptions_url: 
            https://storage.googleapis.com/openimages/v7/oidv7-class-descriptions-boxable.csv
          smoke_bbox_url: 
            https://storage.googleapis.com/openimages/v5/validation-annotations-bbox.csv
          full_bbox_url: 
            https://storage.googleapis.com/openimages/v6/oidv6-train-annotations-bbox.csv
          smoke_split: validation
          full_split: train
          image_url_template: 
            https://open-images-dataset.s3.amazonaws.com/{split}/{image_id}.jpg
          remap_table: openimages
          indoor_filter: true
          classes:
          - Door
          - Cupboard
          - Gas stove
          trusted_classes:
          - door
          - cupboard
          - stove
    outs:
    - path: data/raw/openimages_filtered
      hash: md5
      md5: a0061c68c742c1f25dc303ca37764fd0.dir
      size: 17237725
      nfiles: 122
  download_roboflow:
    cmd: python scripts/dataset/03_download_roboflow_datasets.py
    deps:
    - path: scripts/dataset/03_download_roboflow_datasets.py
      hash: md5
      md5: 5e8cea83d30dae81d5f2daef42f67290
      size: 1161
    - path: src/dataset/downloaders/base.py
      hash: md5
      md5: 8cd705e3c0bb03db9a6e204b0fcfb182
      size: 8636
    - path: src/dataset/downloaders/roboflow_dl.py
      hash: md5
      md5: 849bfa6b7958efac7f082405b1c11ff3
      size: 7007
    params:
      configs/dataset_sources.yaml:
        mode: smoke
        smoke:
          limit_per_source: 60
        sources.roboflow:
          enabled: true
          output_dir: data/raw/roboflow_imports
          license: varies per Universe dataset — recorded per-dataset below
          api_key_env: ROBOFLOW_API_KEY
          remap_table: roboflow
          trusted_classes:
          - medicine_bottle
          - charger
          - wire
          - gas_cylinder
          datasets: []
    outs:
    - path: data/raw/roboflow_imports
      hash: md5
      md5: d751713988987e9331980363e24189ce.dir
      size: 0
      nfiles: 0
  download_wider_face:
    cmd: python scripts/dataset/04_download_wider_face.py
    deps:
    - path: scripts/dataset/04_download_wider_face.py
      hash: md5
      md5: d74970b0e50e8fd40e2a877d58a63cfe
      size: 1133
    - path: src/dataset/downloaders/base.py
      hash: md5
      md5: 8cd705e3c0bb03db9a6e204b0fcfb182
      size: 8636
    - path: src/dataset/downloaders/wider_face.py
      hash: md5
      md5: f3b43c13026522be686fb73c69b5f349
      size: 6948
    params:
      configs/dataset_sources.yaml:
        allow_noncommercial: true
        mode: smoke
        smoke:
          limit_per_source: 60
        sources.wider_face:
          enabled: true
          output_dir: data/raw/wider_face
          license: research-only / non-commercial (WIDER FACE terms)
          noncommercial: true
          smoke_images_url: 
            https://huggingface.co/datasets/CUHK-CSE/wider_face/resolve/main/data/WIDER_val.zip
          full_images_url: 
            https://huggingface.co/datasets/CUHK-CSE/wider_face/resolve/main/data/WIDER_train.zip
          annotations_url: 
            https://huggingface.co/datasets/CUHK-CSE/wider_face/resolve/main/data/wider_face_split.zip
          remap_table: wider_face
          trusted_classes:
          - face
          class_caps:
            face: 3000
    outs:
    - path: data/raw/wider_face
      hash: md5
      md5: 4952ce4f0431e6b0b7915a87cfca649c.dir
      size: 8262860
      nfiles: 122
  collect_negatives:
    cmd: python scripts/dataset/06_collect_negatives.py
    deps:
    - path: data/raw/coco_filtered
      hash: md5
      md5: 0b563c9414507028dfd9873f5d59f9fd.dir
      size: 9172660
      nfiles: 122
    - path: scripts/dataset/06_collect_negatives.py
      hash: md5
      md5: 94de9b32c53d7d6c793cdaf7d6733b0f
      size: 1114
    - path: src/dataset/downloaders/negatives_dl.py
      hash: md5
      md5: 11c42b840545d9ba47624fc2e2088276
      size: 2849
    - path: src/dataset/negatives.py
      hash: md5
      md5: 4dc23940ba25e5cd5ad7a9d012bb631d
      size: 2426
    params:
      configs/dataset_sources.yaml:
        mode: smoke
        smoke:
          limit_per_source: 60
        sources.negatives:
          enabled: true
          output_dir: data/raw/negatives
          license: inherits COCO licensing (sampled from COCO)
          smoke_count: 20
          full_count: 500
          trusted_classes: []
    outs:
    - path: data/raw/negatives
      hash: md5
      md5: b1a8208a6b9aee0a1373f3a8ca355150.dir
      size: 4024641
      nfiles: 42
  remap_classes:
    cmd: python scripts/dataset/05_remap_classes.py --all
    deps:
    - path: configs/data.yaml
      hash: md5
      md5: aee65566d7b4876d68948f6bc02abb3d
      size: 2254
    - path: data/raw/coco_filtered
      hash: md5
      md5: 0b563c9414507028dfd9873f5d59f9fd.dir
      size: 9172660
      nfiles: 122
    - path: data/raw/local_captures
      hash: md5
      md5: 7001dc3b87b6a40efe8d579df9e66fca.dir
      size: 6763484073
      nfiles: 51743
    - path: data/raw/negatives
      hash: md5
      md5: b1a8208a6b9aee0a1373f3a8ca355150.dir
      size: 4024641
      nfiles: 42
    - path: data/raw/openimages_filtered
      hash: md5
      md5: a0061c68c742c1f25dc303ca37764fd0.dir
      size: 17237725
      nfiles: 122
    - path: data/raw/roboflow_imports
      hash: md5
      md5: d751713988987e9331980363e24189ce.dir
      size: 0
      nfiles: 0
    - path: data/raw/wider_face
      hash: md5
      md5: 4952ce4f0431e6b0b7915a87cfca649c.dir
      size: 8262860
      nfiles: 122
    - path: scripts/dataset/05_remap_classes.py
      hash: md5
      md5: c1fb3e8ca902ec619f35b034eac7f75a
      size: 6430
    - path: src/dataset/remap.py
      hash: md5
      md5: 920001c77c0a9c127ab8697aa255c25c
      size: 8510
    params:
      configs/dataset_sources.yaml:
        sources:
          coco:
            enabled: true
            output_dir: data/raw/coco_filtered
            license: CC BY 4.0 (annotations); images retain original Flickr 
              licenses
            annotations_url: 
              http://images.cocodataset.org/annotations/annotations_trainval2017.zip
            image_url_template: 
              http://images.cocodataset.org/{split}/{file_name}
            smoke_split: val2017
            full_split: train2017
            remap_table: coco
            indoor_filter: true
            trusted_classes:
            - person
            - water_bottle
            - knife
            - laptop
            - monitor
            - chair
            - bed
            - toilet
            - sink
            - book
            class_caps:
              person: 800
              chair: 500
          openimages:
            enabled: true
            output_dir: data/raw/openimages_filtered
            license: Annotations CC BY 4.0; images CC BY 2.0 (per Open Images 
              terms)
            class_descriptions_url: 
              https://storage.googleapis.com/openimages/v7/oidv7-class-descriptions-boxable.csv
            smoke_bbox_url: 
              https://storage.googleapis.com/openimages/v5/validation-annotations-bbox.csv
            full_bbox_url: 
              https://storage.googleapis.com/openimages/v6/oidv6-train-annotations-bbox.csv
            smoke_split: validation
            full_split: train
            image_url_template: 
              https://open-images-dataset.s3.amazonaws.com/{split}/{image_id}.jpg
            remap_table: openimages
            indoor_filter: true
            classes:
            - Door
            - Cupboard
            - Gas stove
            trusted_classes:
            - door
            - cupboard
            - stove
          roboflow:
            enabled: true
            output_dir: data/raw/roboflow_imports
            license: varies per Universe dataset — recorded per-dataset below
            api_key_env: ROBOFLOW_API_KEY
            remap_table: roboflow
            trusted_classes:
            - medicine_bottle
            - charger
            - wire
            - gas_cylinder
            datasets: []
          wider_face:
            enabled: true
            output_dir: data/raw/wider_face
            license: research-only / non-commercial (WIDER FACE terms)
            noncommercial: true
            smoke_images_url: 
              https://huggingface.co/datasets/CUHK-CSE/wider_face/resolve/main/data/WIDER_val.zip
            full_images_url: 
              https://huggingface.co/datasets/CUHK-CSE/wider_face/resolve/main/data/WIDER_train.zip
            annotations_url: 
              https://huggingface.co/datasets/CUHK-CSE/wider_face/resolve/main/data/wider_face_split.zip
            remap_table: wider_face
            trusted_classes:
            - face
            class_caps:
              face: 3000
          negatives:
            enabled: true
            output_dir: data/raw/negatives
            license: inherits COCO licensing (sampled from COCO)
            smoke_count: 20
            full_count: 500
            trusted_classes: []
          custom_captures:
            enabled: false
            output_dir: data/raw/custom_captures
            license: proprietary (consent-gated; see CaptureSessionManifest)
            trusted_classes: []
          local_captures:
            enabled: true
            output_dir: data/raw/local_captures
            license: proprietary (locally collected; see 
              20_ingest_local_zips.py)
            remap_table: identity
            trusted_classes:
            - person
            - face
            - medicine_strip
            - water_bottle
            - knife
            - stove
            - gas_cylinder
            - passport
            - book
            - charger
            - wire
            - laptop
            - monitor
            - cupboard
            - door
            - chair
            - bed
            - toilet
            - sink
            - wet_floor
            - walking_stick
            - support_handle
    outs:
    - path: data/interim
      hash: md5
      md5: 5f0338ff832231dbf6d69fa84bf483d7.dir
      size: 64226
      nfiles: 180
  merge_datasets:
    cmd: python scripts/dataset/07_merge_datasets.py
    deps:
    - path: configs/data.yaml
      hash: md5
      md5: aee65566d7b4876d68948f6bc02abb3d
      size: 2254
    - path: data/interim
      hash: md5
      md5: 5f0338ff832231dbf6d69fa84bf483d7.dir
      size: 64226
      nfiles: 180
    - path: data/raw/coco_filtered
      hash: md5
      md5: 0b563c9414507028dfd9873f5d59f9fd.dir
      size: 9172660
      nfiles: 122
    - path: data/raw/custom_captures
      hash: md5
      md5: d751713988987e9331980363e24189ce.dir
      size: 0
      nfiles: 0
    - path: data/raw/local_captures
      hash: md5
      md5: 7001dc3b87b6a40efe8d579df9e66fca.dir
      size: 6763484073
      nfiles: 51743
    - path: data/raw/negatives
      hash: md5
      md5: b1a8208a6b9aee0a1373f3a8ca355150.dir
      size: 4024641
      nfiles: 42
    - path: data/raw/openimages_filtered
      hash: md5
      md5: a0061c68c742c1f25dc303ca37764fd0.dir
      size: 17237725
      nfiles: 122
    - path: data/raw/roboflow_imports
      hash: md5
      md5: d751713988987e9331980363e24189ce.dir
      size: 0
      nfiles: 0
    - path: data/raw/wider_face
      hash: md5
      md5: 4952ce4f0431e6b0b7915a87cfca649c.dir
      size: 8262860
      nfiles: 122
    - path: scripts/dataset/07_merge_datasets.py
      hash: md5
      md5: 2f2b0e75722919e924ac7a8321a4b661
      size: 4738
    - path: src/dataset/dedup.py
      hash: md5
      md5: 5adf8381e8ec831e41b499e3f9b90acf
      size: 10541
    - path: src/dataset/filters.py
      hash: md5
      md5: 6da1f5a22d2db67b9ee119044dc69459
      size: 3030
    - path: src/dataset/merge.py
      hash: md5
      md5: c7b352fa874dfce336cdee843968d659
      size: 10620
    params:
      configs/dataset_sources.yaml:
        allow_noncommercial: true
        dedup:
          hamming_threshold: 5
          check_flips: true
          hash_size: 16
        indoor_filter:
          enabled: true
          brightness_outdoor_threshold: 160
          portrait_aspect_max: 0.6
          min_image_dim: 320
        mode: smoke
        sources.custom_captures:
          enabled: false
          output_dir: data/raw/custom_captures
          license: proprietary (consent-gated; see CaptureSessionManifest)
          trusted_classes: []
    outs:
    - path: data/merged
      hash: md5
      md5: 0aa4251de21145a0e3669fcdadc0ce5c.dir
      size: 4481616196
      nfiles: 34846
  split_train_val_test:
    cmd: python scripts/dataset/split_dataset.py
    deps:
    - path: data/merged
      hash: md5
      md5: 0aa4251de21145a0e3669fcdadc0ce5c.dir
      size: 4481616196
      nfiles: 34846
    - path: data/merged_verified
      hash: md5
      md5: 54fcad56a1f3e6c036ca1d047956551b.dir
      size: 5362255
      nfiles: 17422
    - path: scripts/dataset/split_dataset.py
      hash: md5
      md5: fe8902789ae9e9866e604dff91244388
      size: 17168
    - path: src/dataset/split_config.py
      hash: md5
      md5: f1401cb40b30d33a07e4e7159e8a9045
      size: 5378
    - path: src/dataset/splitting
      hash: md5
      md5: c1fd9570573bae52d2c938155b2f7adc.dir
      size: 14999
      nfiles: 6
    params:
      configs/dataset_split_config.yaml:
        split:
          strategy: group_aware
          train_ratio: 0.8
          val_ratio: 0.1
          test_ratio: 0.1
          seed: 42
          group_by_capture: true
          source_dir: data/merged
          output_dir: data/processed
          source_labels_dir: data/merged_verified/labels
    outs:
    - path: data/processed/images
      hash: md5
      md5: 55695bc828318f9fc1c8f88a718cd92f.dir
      size: 4472687252
      nfiles: 17422
    - path: data/processed/labels
      hash: md5
      md5: 6fedab5be2de0b9f9fb5aabddb0b7f10.dir
      size: 5362255
      nfiles: 17422
    - path: data/processed/split_report
      hash: md5
      md5: e0f7db02621a2738ebeee209db9497e1.dir
      size: 1292
      nfiles: 2
  qa_check:
    cmd: python scripts/qa/run_full_qa.py --exit-zero-on-warnings
    deps:
    - path: configs/data.yaml
      hash: md5
      md5: aee65566d7b4876d68948f6bc02abb3d
      size: 2254
    - path: data/merged
      hash: md5
      md5: 0aa4251de21145a0e3669fcdadc0ce5c.dir
      size: 4481616196
      nfiles: 34846
    - path: data/processed/images
      hash: md5
      md5: 55695bc828318f9fc1c8f88a718cd92f.dir
      size: 4472687252
      nfiles: 17422
    - path: data/processed/labels
      hash: md5
      md5: 6fedab5be2de0b9f9fb5aabddb0b7f10.dir
      size: 5362255
      nfiles: 17422
    - path: scripts/dataset/dataset_stats.py
      hash: md5
      md5: f0ff4843eecd4c86e9304733ac2adfc9
      size: 15393
    - path: scripts/qa/check_annotations.py
      hash: md5
      md5: a538ac468433d0ac6261e36cde8a043d
      size: 30510
    - path: scripts/qa/run_full_qa.py
      hash: md5
      md5: b21964d815996f4c10fb866c89f0bba1
      size: 30598
    outs:
    - path: data/qa_reports/annotation_qa_report.json
      hash: md5
      md5: d5393708fb168d5002c85a606eed76a7
      size: 19575
  train_yolo11n:
    cmd: python scripts/training/train_yolo.py --config 
      configs/training/yolo11n_config.yaml
    deps:
    - path: configs/data.yaml
      hash: md5
      md5: aee65566d7b4876d68948f6bc02abb3d
      size: 2254
    - path: configs/training/yolo11n_config.yaml
      hash: md5
      md5: 6023a982983bc98f80888a2ad3c9677d
      size: 2717
    - path: data/processed/completeness.json
      hash: md5
      md5: c752f639e88cf3c4b2488622cd20c311
      size: 22832
    - path: data/processed/images
      hash: md5
      md5: 6cf47112d2c4483c0072d4064547ceed.dir
      size: 37012740
      nfiles: 188
    - path: data/processed/labels
      hash: md5
      md5: 6bfdb5cfd36ccc85670f5f5d1f7960d5.dir
      size: 62700
      nfiles: 188
    - path: scripts/training/train_yolo.py
      hash: md5
      md5: 708e54429227f6f6b801f6a23c076360
      size: 13318
    outs:
    - path: models/yolo11n/weights
      hash: md5
      md5: 6ffbaaad7b4ac6e1afabed19a80b2560.dir
      size: 0
      nfiles: 1
  ingest_custom_captures:
    cmd: python scripts/dataset/08_ingest_capture_session.py --verify-all
    outs:
    - path: data/raw/custom_captures
      hash: md5
      md5: d751713988987e9331980363e24189ce.dir
      size: 0
      nfiles: 0
  ingest_eval_set:
    cmd: python scripts/dataset/08_ingest_capture_session.py --verify-all 
      --dataset eval
    outs:
    - path: data/eval/indian_home_v0
      hash: md5
      md5: d751713988987e9331980363e24189ce.dir
      size: 0
      nfiles: 0
  generate_completeness:
    cmd: python scripts/dataset/11_generate_completeness.py
    deps:
    - path: configs/data.yaml
      hash: md5
      md5: aee65566d7b4876d68948f6bc02abb3d
      size: 2254
    - path: data/annotation/verification_ledger.json
      hash: md5
      md5: 7db92f1d0ace8eacfe1e528454ae331c
      size: 173
    - path: data/merged
      hash: md5
      md5: 0aa4251de21145a0e3669fcdadc0ce5c.dir
      size: 4481616196
      nfiles: 34846
    - path: data/processed/images
      hash: md5
      md5: 55695bc828318f9fc1c8f88a718cd92f.dir
      size: 4472687252
      nfiles: 17422
    - path: data/processed/split_report
      hash: md5
      md5: e0f7db02621a2738ebeee209db9497e1.dir
      size: 1292
      nfiles: 2
    - path: scripts/dataset/11_generate_completeness.py
      hash: md5
      md5: 0cffbf18b4e746eb10f3bc04f84fe80d
      size: 8452
    - path: src/dataset/completeness.py
      hash: md5
      md5: 7db3525a8c237cb853e468e92363d986
      size: 25159
    - path: src/dataset/completeness_policies.py
      hash: md5
      md5: e6b227f5dd24e0b21dffac1638c59413
      size: 18665
    params:
      configs/dataset_sources.yaml:
        completeness:
          ledger_path: data/annotation/verification_ledger.json
          policies:
            coco: trusted_list_with_ledger
            openimages: trusted_list_with_ledger
            roboflow: trusted_list_with_ledger
            wider_face: trusted_list_with_ledger
            negatives: verified_absence_all
            custom_captures: per_session
            local_captures: trusted_list_with_ledger
    outs:
    - path: data/processed/completeness.json
      hash: md5
      md5: 4f18b726837aa8e94b0557b17e6a7525
      size: 2637259
    - path: data/qa_reports/completeness_report.json
      hash: md5
      md5: db86dbb66c1174298b633a5f5958b96d
      size: 2662
  auto_annotate:
    cmd: python scripts/dataset/12_auto_annotate.py
    deps:
    - path: configs/data.yaml
      hash: md5
      md5: aee65566d7b4876d68948f6bc02abb3d
      size: 2254
    - path: data/annotation/verification_ledger.json
      hash: md5
      md5: 7db92f1d0ace8eacfe1e528454ae331c
      size: 173
    - path: data/merged
      hash: md5
      md5: 2d31886b030acf91aa84e7f4d75a123b.dir
      size: 37087111
      nfiles: 377
    - path: scripts/dataset/12_auto_annotate.py
      hash: md5
      md5: e5b9222fb9c76810121cb1f41f5de431
      size: 13650
    - path: src/dataset/annotation
      hash: md5
      md5: 11722aa09fce1a6217acc400939dde12.dir
      size: 121515
      nfiles: 15
    params:
      configs/annotation.yaml:
        auto_annotation:
          device: cuda:0
          backends:
            yolo_world:
              enabled: true
              weights: models/annotators/yolov8x-worldv2.pt
              weights_sha256: 
                41e771bfbbb8894dd857f3fef7cac3b3578dffd49fd3547101efa6a606a02a0e
              imgsz: 640
              conf_floor: 0.05
              max_det: 100
              prompts:
                person: []
                face:
                - human face
                - person's face
                medicine_strip: []
                medicine_bottle:
                - medicine bottle
                - pill bottle
                - prescription bottle
                water_bottle: []
                knife: []
                stove: []
                gas_cylinder: []
                passport: []
                book: []
                charger:
                - phone charger
                - power adapter
                - charging brick plugged into wall socket
                wire:
                - electrical wire
                - power cable
                - charging cable on the floor
                laptop: []
                monitor: []
                cupboard:
                - cupboard
                - wardrobe
                - steel almirah
                - kitchen cabinet
                door: []
                chair: []
                bed: []
                toilet: []
                sink: []
                wet_floor: []
                walking_stick: []
                support_handle: []
              thresholds:
                default: 0.25
                charger: 0.2
                wire: 0.2
            grounding_dino:
              enabled: false
              hf_model: IDEA-Research/grounding-dino-base
              hf_revision: ''
              box_threshold: 0.3
              text_threshold: 0.25
            cross_dataset:
              enabled: false
              match: exact_sha256
          refinement:
            enabled: true
            weights: models/annotators/mobile_sam.pt
            weights_sha256: 
              6dbb90523a35330fedd7f1d3dfc66f995213d81b29a5ca8108dbcdd4e37d6c2f
          targeting:
            skip_trusted_cells: true
            priority_classes:
            - charger
            - wire
            - medicine_bottle
            - cupboard
            - face
    outs:
    - path: data/annotation/candidates
      hash: md5
      md5: 8380954b33404243919a0df40932dbd7.dir
      size: 137088
      nfiles: 1
  build_verification_batches:
    cmd: python scripts/dataset/13_build_verification_batches.py
    outs:
    - path: data/annotation/batches
      hash: md5
      md5: 1e53e0e7f1b2717dc82def19a21157b3.dir
      size: 31202
      nfiles: 3
  import_verified_annotations:
    cmd: python scripts/dataset/14_import_verified_batch.py
    outs:
    - path: data/annotation/verification_ledger.json
      hash: md5
      md5: 7db92f1d0ace8eacfe1e528454ae331c
      size: 173
    - path: data/annotation/verified_labels
      hash: md5
      md5: d751713988987e9331980363e24189ce.dir
      size: 0
      nfiles: 0
  apply_verified_labels:
    cmd: python scripts/dataset/15_apply_verified_labels.py
    deps:
    - path: data/annotation/verification_ledger.json
      hash: md5
      md5: 7db92f1d0ace8eacfe1e528454ae331c
      size: 173
    - path: data/annotation/verified_labels
      hash: md5
      md5: d751713988987e9331980363e24189ce.dir
      size: 0
      nfiles: 0
    - path: data/merged/labels
      hash: md5
      md5: 656f9b0241f3a02ddd1696dfe9faf0c8.dir
      size: 5362255
      nfiles: 17422
    - path: scripts/dataset/15_apply_verified_labels.py
      hash: md5
      md5: 4092c80ba22c297c1726f1ff7af7291f
      size: 2353
    - path: src/dataset/annotation/apply.py
      hash: md5
      md5: fb5c1ca6108f9397528a0aa0b481623d
      size: 3194
    outs:
    - path: data/merged_verified
      hash: md5
      md5: 54fcad56a1f3e6c036ca1d047956551b.dir
      size: 5362255
      nfiles: 17422
  coverage_report:
    cmd: python scripts/dataset/16_coverage_report.py
    deps:
    - path: configs/data.yaml
      hash: md5
      md5: aee65566d7b4876d68948f6bc02abb3d
      size: 2254
    - path: data/annotation/candidates
      hash: md5
      md5: 8380954b33404243919a0df40932dbd7.dir
      size: 137088
      nfiles: 1
    - path: data/annotation/verification_ledger.json
      hash: md5
      md5: 7db92f1d0ace8eacfe1e528454ae331c
      size: 173
    - path: data/processed/completeness.json
      hash: md5
      md5: 6fdcc46631a4dc2096ff67377bdd7b70
      size: 23061
    - path: data/processed/labels
      hash: md5
      md5: 6bfdb5cfd36ccc85670f5f5d1f7960d5.dir
      size: 62700
      nfiles: 188
    - path: scripts/dataset/16_coverage_report.py
      hash: md5
      md5: 8fe2c36eb6dce60303395f8e0f69fa5d
      size: 6855
    - path: src/dataset/annotation/coverage.py
      hash: md5
      md5: b6593dee860904ee9f0d118470d28c81
      size: 19072
    params:
      configs/annotation.yaml:
        coverage:
          iou_match_threshold: 0.5
          estimation_conf:
            default: 0.35
    outs:
    - path: data/qa_reports/coverage_report.json
      hash: md5
      md5: 79704372065f90cf47c7cccc188bc669
      size: 30032
  dataset_quality_report:
    cmd: python scripts/dataset/17_dataset_quality_report.py
    deps:
    - path: configs/data.yaml
      hash: md5
      md5: aee65566d7b4876d68948f6bc02abb3d
      size: 2254
    - path: data/annotation/batches
      hash: md5
      md5: 1e53e0e7f1b2717dc82def19a21157b3.dir
      size: 31202
      nfiles: 3
    - path: data/annotation/verification_ledger.json
      hash: md5
      md5: 7db92f1d0ace8eacfe1e528454ae331c
      size: 173
    - path: data/merged/merged_manifest.json
      hash: md5
      md5: 7c869d9f77fa0c7b275dafb861764f07
      size: 11671
    - path: data/processed/completeness.json
      hash: md5
      md5: 6fdcc46631a4dc2096ff67377bdd7b70
      size: 23061
    - path: data/qa_reports/coverage_report.json
      hash: md5
      md5: 79704372065f90cf47c7cccc188bc669
      size: 30032
    - path: scripts/dataset/17_dataset_quality_report.py
      hash: md5
      md5: f0defbee831c954947f05b269cb8aa2a
      size: 3529
    - path: src/dataset/annotation/quality.py
      hash: md5
      md5: f68a1de0f0b83ff739fd398c5d23057e
      size: 10054
    outs:
    - path: data/qa_reports/dataset_quality_report.json
      hash: md5
      md5: 7160c0285e1e5a142ff89a2cdf3875e9
      size: 6956
  ingest_local_zips:
    cmd: python scripts/dataset/20_ingest_local_zips.py --validate
    deps:
    - path: Dataset
      hash: md5
      md5: 7d6adb962616f54ffc099504c9ee1967.dir
      size: 6774432514
      nfiles: 22
    - path: scripts/dataset/20_ingest_local_zips.py
      hash: md5
      md5: fe44bb043d6f413f13de74284aec0161
      size: 34765
    outs:
    - path: data/raw/local_captures
      hash: md5
      md5: 7001dc3b87b6a40efe8d579df9e66fca.dir
      size: 6763484073
      nfiles: 51743
